
Microsoft Visual Studio Solution File, Format Version 12.00
# Visual Studio Version 16
VisualStudioVersion = 16.0.30413.136
MinimumVisualStudioVersion = 10.0.40219.1
Project("{FAE04EC0-301F-11D3-BF4B-00C04F79EFBC}") = "ClientApplication", "ClientApplication\ClientApplication.csproj", "{EB34837D-663D-4891-AE4C-B95882D6D6B3}"
EndProject
Project("{FAE04EC0-301F-11D3-BF4B-00C04F79EFBC}") = "ServerEditor", "ServerEditor\ServerEditor.csproj", "{0020B253-9847-4BC0-8A21-4F0D662F73ED}"
EndProject
Project("{FAE04EC0-301F-11D3-BF4B-00C04F79EFBC}") = "ServerApplication", "ServerApplication\ServerApplication.csproj", "{1675B1DF-3874-45D7-A673-6F53797C626E}"
EndProject
Global
	GlobalSection(SolutionConfigurationPlatforms) = preSolution
		Debug|Any CPU = Debug|Any CPU
		Release|Any CPU = Release|Any CPU
	EndGlobalSection
	GlobalSection(ProjectConfigurationPlatforms) = postSolution
		{EB34837D-663D-4891-AE4C-B95882D6D6B3}.Debug|Any CPU.ActiveCfg = Debug|Any CPU
		{EB34837D-663D-4891-AE4C-B95882D6D6B3}.Debug|Any CPU.Build.0 = Debug|Any CPU
		{EB34837D-663D-4891-AE4C-B95882D6D6B3}.Release|Any CPU.ActiveCfg = Release|Any CPU
		{EB34837D-663D-4891-AE4C-B95882D6D6B3}.Release|Any CPU.Build.0 = Release|Any CPU
		{0020B253-9847-4BC0-8A21-4F0D662F73ED}.Debug|Any CPU.ActiveCfg = Debug|Any CPU
		{0020B253-9847-4BC0-8A21-4F0D662F73ED}.Debug|Any CPU.Build.0 = Debug|Any CPU
		{0020B253-9847-4BC0-8A21-4F0D662F73ED}.Release|Any CPU.ActiveCfg = Release|Any CPU
		{0020B253-9847-4BC0-8A21-4F0D662F73ED}.Release|Any CPU.Build.0 = Release|Any CPU
		{1675B1DF-3874-45D7-A673-6F53797C626E}.Debug|Any CPU.ActiveCfg = Debug|Any CPU
		{1675B1DF-3874-45D7-A673-6F53797C626E}.Debug|Any CPU.Build.0 = Debug|Any CPU
		{1675B1DF-3874-45D7-A673-6F53797C626E}.Release|Any CPU.ActiveCfg = Release|Any CPU
		{1675B1DF-3874-45D7-A673-6F53797C626E}.Release|Any CPU.Build.0 = Release|Any CPU
	EndGlobalSection
	GlobalSection(SolutionProperties) = preSolution
		HideSolutionNode = FALSE
	EndGlobalSection
	GlobalSection(ExtensibilityGlobals) = postSolution
		SolutionGuid = {704521DD-26A0-478D-BE87-90F82E481871}
	EndGlobalSection
EndGlobal
