
Microsoft Visual Studio Solution File, Format Version 12.00
# Visual Studio Version 16
VisualStudioVersion = 16.0.30413.136
MinimumVisualStudioVersion = 10.0.40219.1
Project("{9A19103F-16F7-4668-BE54-9A1E7A4F7556}") = "ClientApplication", "ClientApplication\ClientApplication.csproj", "{EB34837D-663D-4891-AE4C-B95882D6D6B3}"
EndProject
Project("{9A19103F-16F7-4668-BE54-9A1E7A4F7556}") = "ServerEditor", "ServerEditor\ServerEditor.csproj", "{0020B253-9847-4BC0-8A21-4F0D662F73ED}"
EndProject
Project("{9A19103F-16F7-4668-BE54-9A1E7A4F7556}") = "ServerApplication", "ServerApplication\ServerApplication.csproj", "{1675B1DF-3874-45D7-A673-6F53797C626E}"
EndProject
Project("{D954291E-2A0B-460D-934E-DC6B0785DB48}") = "Util", "Util\Util.shproj", "{F8515F61-DE4C-4FCD-9F5A-6B035196F928}"
EndProject
Global
	GlobalSection(SharedMSBuildProjectFiles) = preSolution
		Shared\Shared.projitems*{0020b253-9847-4bc0-8a21-4f0d662f73ed}*SharedItemsImports = 5
		Shared\Shared.projitems*{1675b1df-3874-45d7-a673-6f53797c626e}*SharedItemsImports = 5
		Util\Util.projitems*{eb34837d-663d-4891-ae4c-b95882d6d6b3}*SharedItemsImports = 5
		Util\Util.projitems*{f8515f61-de4c-4fcd-9f5a-6b035196f928}*SharedItemsImports = 13
	EndGlobalSection
	GlobalSection(SolutionConfigurationPlatforms) = preSolution
		Debug|Any CPU = Debug|Any CPU
		Release|Any CPU = Release|Any CPU
	EndGlobalSection
	GlobalSection(ProjectConfigurationPlatforms) = postSolution
		{EB34837D-663D-4891-AE4C-B95882D6D6B3}.Debug|Any CPU.ActiveCfg = Debug|Any CPU
		{EB34837D-663D-4891-AE4C-B95882D6D6B3}.Debug|Any CPU.Build.0 = Debug|Any CPU
		{EB34837D-663D-4891-AE4C-B95882D6D6B3}.Release|Any CPU.ActiveCfg = Release|Any CPU
		{EB34837D-663D-4891-AE4C-B95882D6D6B3}.Release|Any CPU.Build.0 = Release|Any CPU
		{0020B253-9847-4BC0-8A21-4F0D662F73ED}.Debug|Any CPU.ActiveCfg = Debug|Any CPU
		{0020B253-9847-4BC0-8A21-4F0D662F73ED}.Debug|Any CPU.Build.0 = Debug|Any CPU
		{0020B253-9847-4BC0-8A21-4F0D662F73ED}.Release|Any CPU.ActiveCfg = Release|Any CPU
		{0020B253-9847-4BC0-8A21-4F0D662F73ED}.Release|Any CPU.Build.0 = Release|Any CPU
		{1675B1DF-3874-45D7-A673-6F53797C626E}.Debug|Any CPU.ActiveCfg = Debug|Any CPU
		{1675B1DF-3874-45D7-A673-6F53797C626E}.Debug|Any CPU.Build.0 = Debug|Any CPU
		{1675B1DF-3874-45D7-A673-6F53797C626E}.Release|Any CPU.ActiveCfg = Release|Any CPU
		{1675B1DF-3874-45D7-A673-6F53797C626E}.Release|Any CPU.Build.0 = Release|Any CPU
	EndGlobalSection
	GlobalSection(SolutionProperties) = preSolution
		HideSolutionNode = FALSE
	EndGlobalSection
	GlobalSection(ExtensibilityGlobals) = postSolution
		SolutionGuid = {704521DD-26A0-478D-BE87-90F82E481871}
	EndGlobalSection
EndGlobal
